
Microsoft Visual Studio Solution File, Format Version 12.00
# Visual Studio 14
VisualStudioVersion = 14.0.25420.1
MinimumVisualStudioVersion = 10.0.40219.1
Project("{E24C65DC-7377-472B-9ABA-BC803B73C61A}") = "personalizado-1", "http://localhost:49757", "{8E2749F9-17FB-4074-84EC-DDE2840B2F2B}"
	ProjectSection(WebsiteProperties) = preProject
		UseIISExpress = "true"
		TargetFrameworkMoniker = ".NETFramework,Version%3Dv4.0"
		Debug.AspNetCompiler.VirtualPath = "/localhost_49757"
		Debug.AspNetCompiler.PhysicalPath = "..\..\..\My Web Sites\personalizado-1\"
		Debug.AspNetCompiler.TargetPath = "PrecompiledWeb\localhost_49757\"
		Debug.AspNetCompiler.Updateable = "true"
		Debug.AspNetCompiler.ForceOverwrite = "true"
		Debug.AspNetCompiler.FixedNames = "false"
		Debug.AspNetCompiler.Debug = "True"
		Release.AspNetCompiler.VirtualPath = "/localhost_49757"
		Release.AspNetCompiler.PhysicalPath = "..\..\..\My Web Sites\personalizado-1\"
		Release.AspNetCompiler.TargetPath = "PrecompiledWeb\localhost_49757\"
		Release.AspNetCompiler.Updateable = "true"
		Release.AspNetCompiler.ForceOverwrite = "true"
		Release.AspNetCompiler.FixedNames = "false"
		Release.AspNetCompiler.Debug = "False"
		SlnRelativePath = "..\..\..\My Web Sites\personalizado-1\"
	EndProjectSection
EndProject
Global
	GlobalSection(SolutionConfigurationPlatforms) = preSolution
		Debug|Any CPU = Debug|Any CPU
	EndGlobalSection
	GlobalSection(ProjectConfigurationPlatforms) = postSolution
		{8E2749F9-17FB-4074-84EC-DDE2840B2F2B}.Debug|Any CPU.ActiveCfg = Debug|Any CPU
		{8E2749F9-17FB-4074-84EC-DDE2840B2F2B}.Debug|Any CPU.Build.0 = Debug|Any CPU
	EndGlobalSection
	GlobalSection(SolutionProperties) = preSolution
		HideSolutionNode = FALSE
	EndGlobalSection
EndGlobal
